// !$*UTF8*$!
{
	archiveVersion = 1;
	classes = {
	};
	objectVersion = 46;
	objects = {

/* Begin PBXBuildFile section */
		8AA13C4919BE1881006DC5D0 /* main.m in Sources */ = {isa = PBXBuildFile; fileRef = 8AA13C4819BE1881006DC5D0 /* main.m */; };
		8AA13C4C19BE1881006DC5D0 /* AppDelegate.m in Sources */ = {isa = PBXBuildFile; fileRef = 8AA13C4B19BE1881006DC5D0 /* AppDelegate.m */; };
		8AA13C4F19BE1881006DC5D0 /* Rene_Candelier.xcdatamodeld in Sources */ = {isa = PBXBuildFile; fileRef = 8AA13C4D19BE1881006DC5D0 /* Rene_Candelier.xcdatamodeld */; };
		8AA13C5219BE1881006DC5D0 /* ViewController.m in Sources */ = {isa = PBXBuildFile; fileRef = 8AA13C5119BE1881006DC5D0 /* ViewController.m */; };
		8AA13C5519BE1881006DC5D0 /* Main.storyboard in Resources */ = {isa = PBXBuildFile; fileRef = 8AA13C5319BE1881006DC5D0 /* Main.storyboard */; };
		8AA13C5719BE1882006DC5D0 /* Images.xcassets in Resources */ = {isa = PBXBuildFile; fileRef = 8AA13C5619BE1882006DC5D0 /* Images.xcassets */; };
		8AA13C6319BE1882006DC5D0 /* Rene_CandelierTests.m in Sources */ = {isa = PBXBuildFile; fileRef = 8AA13C6219BE1882006DC5D0 /* Rene_CandelierTests.m */; };
		8AA13C6D19BE1D3C006DC5D0 /* Rene Candelier.png in Resources */ = {isa = PBXBuildFile; fileRef = 8AA13C6C19BE1D3C006DC5D0 /* Rene Candelier.png */; };
		8AA13C6F19BE1D73006DC5D0 /* Rene.png in Resources */ = {isa = PBXBuildFile; fileRef = 8AA13C6E19BE1D73006DC5D0 /* Rene.png */; };
		8AA13C7119BE1F43006DC5D0 /* IM.png in Resources */ = {isa = PBXBuildFile; fileRef = 8AA13C7019BE1F43006DC5D0 /* IM.png */; };
/* End PBXBuildFile section */

/* Begin PBXContainerItemProxy section */
		8AA13C5D19BE1882006DC5D0 /* PBXContainerItemProxy */ = {
			isa = PBXContainerItemProxy;
			containerPortal = 8AA13C3B19BE1880006DC5D0 /* Project object */;
			proxyType = 1;
			remoteGlobalIDString = 8AA13C4219BE1881006DC5D0;
			remoteInfo = "Rene Candelier";
		};
/* End PBXContainerItemProxy section */

/* Begin PBXFileReference section */
		8AA13C4319BE1881006DC5D0 /* Rene Candelier.app */ = {isa = PBXFileReference; explicitFileType = wrapper.application; includeInIndex = 0; path = "Rene Candelier.app"; sourceTree = BUILT_PRODUCTS_DIR; };
		8AA13C4719BE1881006DC5D0 /* Info.plist */ = {isa = PBXFileReference; lastKnownFileType = text.plist.xml; path = Info.plist; sourceTree = "<group>"; };
		8AA13C4819BE1881006DC5D0 /* main.m */ = {isa = PBXFileReference; lastKnownFileType = sourcecode.c.objc; path = main.m; sourceTree = "<group>"; };
		8AA13C4A19BE1881006DC5D0 /* AppDelegate.h */ = {isa = PBXFileReference; lastKnownFileType = sourcecode.c.h; path = AppDelegate.h; sourceTree = "<group>"; };
		8AA13C4B19BE1881006DC5D0 /* AppDelegate.m */ = {isa = PBXFileReference; lastKnownFileType = sourcecode.c.objc; path = AppDelegate.m; sourceTree = "<group>"; };
		8AA13C4E19BE1881006DC5D0 /* Rene_Candelier.xcdatamodel */ = {isa = PBXFileReference; lastKnownFileType = wrapper.xcdatamodel; path = Rene_Candelier.xcdatamodel; sourceTree = "<group>"; };
		8AA13C5019BE1881006DC5D0 /* ViewController.h */ = {isa = PBXFileReference; lastKnownFileType = sourcecode.c.h; path = ViewController.h; sourceTree = "<group>"; };
		8AA13C5119BE1881006DC5D0 /* ViewController.m */ = {isa = PBXFileReference; lastKnownFileType = sourcecode.c.objc; path = ViewController.m; sourceTree = "<group>"; };
		8AA13C5419BE1881006DC5D0 /* Base */ = {isa = PBXFileReference; lastKnownFileType = file.storyboard; name = Base; path = Base.lproj/Main.storyboard; sourceTree = "<group>"; };
		8AA13C5619BE1882006DC5D0 /* Images.xcassets */ = {isa = PBXFileReference; lastKnownFileType = folder.assetcatalog; path = Images.xcassets; sourceTree = "<group>"; };
		8AA13C5C19BE1882006DC5D0 /* Rene CandelierTests.xctest */ = {isa = PBXFileReference; explicitFileType = wrapper.cfbundle; includeInIndex = 0; path = "Rene CandelierTests.xctest"; sourceTree = BUILT_PRODUCTS_DIR; };
		8AA13C6119BE1882006DC5D0 /* Info.plist */ = {isa = PBXFileReference; lastKnownFileType = text.plist.xml; path = Info.plist; sourceTree = "<group>"; };
		8AA13C6219BE1882006DC5D0 /* Rene_CandelierTests.m */ = {isa = PBXFileReference; lastKnownFileType = sourcecode.c.objc; path = Rene_CandelierTests.m; sourceTree = "<group>"; };
		8AA13C6C19BE1D3C006DC5D0 /* Rene Candelier.png */ = {isa = PBXFileReference; lastKnownFileType = image.png; path = "Rene Candelier.png"; sourceTree = "<group>"; };
		8AA13C6E19BE1D73006DC5D0 /* Rene.png */ = {isa = PBXFileReference; lastKnownFileType = image.png; path = Rene.png; sourceTree = "<group>"; };
		8AA13C7019BE1F43006DC5D0 /* IM.png */ = {isa = PBXFileReference; lastKnownFileType = image.png; path = IM.png; sourceTree = "<group>"; };
/* End PBXFileReference section */

/* Begin PBXFrameworksBuildPhase section */
		8AA13C4019BE1881006DC5D0 /* Frameworks */ = {
			isa = PBXFrameworksBuildPhase;
			buildActionMask = 2147483647;
			files = (
			);
			runOnlyForDeploymentPostprocessing = 0;
		};
		8AA13C5919BE1882006DC5D0 /* Frameworks */ = {
			isa = PBXFrameworksBuildPhase;
			buildActionMask = 2147483647;
			files = (
			);
			runOnlyForDeploymentPostprocessing = 0;
		};
/* End PBXFrameworksBuildPhase section */

/* Begin PBXGroup section */
		8AA13C3A19BE1880006DC5D0 = {
			isa = PBXGroup;
			children = (
				8AA13C4519BE1881006DC5D0 /* Rene Candelier */,
				8AA13C5F19BE1882006DC5D0 /* Rene CandelierTests */,
				8AA13C4419BE1881006DC5D0 /* Products */,
			);
			sourceTree = "<group>";
		};
		8AA13C4419BE1881006DC5D0 /* Products */ = {
			isa = PBXGroup;
			children = (
				8AA13C4319BE1881006DC5D0 /* Rene Candelier.app */,
				8AA13C5C19BE1882006DC5D0 /* Rene CandelierTests.xctest */,
			);
			name = Products;
			sourceTree = "<group>";
		};
		8AA13C4519BE1881006DC5D0 /* Rene Candelier */ = {
			isa = PBXGroup;
			children = (
				8AA13C4A19BE1881006DC5D0 /* AppDelegate.h */,
				8AA13C4B19BE1881006DC5D0 /* AppDelegate.m */,
				8AA13C5019BE1881006DC5D0 /* ViewController.h */,
				8AA13C5119BE1881006DC5D0 /* ViewController.m */,
				8AA13C5319BE1881006DC5D0 /* Main.storyboard */,
				8AA13C6C19BE1D3C006DC5D0 /* Rene Candelier.png */,
				8AA13C7019BE1F43006DC5D0 /* IM.png */,
				8AA13C6E19BE1D73006DC5D0 /* Rene.png */,
				8AA13C5619BE1882006DC5D0 /* Images.xcassets */,
				8AA13C4D19BE1881006DC5D0 /* Rene_Candelier.xcdatamodeld */,
				8AA13C4619BE1881006DC5D0 /* Supporting Files */,
			);
			path = "Rene Candelier";
			sourceTree = "<group>";
		};
		8AA13C4619BE1881006DC5D0 /* Supporting Files */ = {
			isa = PBXGroup;
			children = (
				8AA13C4719BE1881006DC5D0 /* Info.plist */,
				8AA13C4819BE1881006DC5D0 /* main.m */,
			);
			name = "Supporting Files";
			sourceTree = "<group>";
		};
		8AA13C5F19BE1882006DC5D0 /* Rene CandelierTests */ = {
			isa = PBXGroup;
			children = (
				8AA13C6219BE1882006DC5D0 /* Rene_CandelierTests.m */,
				8AA13C6019BE1882006DC5D0 /* Supporting Files */,
			);
			path = "Rene CandelierTests";
			sourceTree = "<group>";
		};
		8AA13C6019BE1882006DC5D0 /* Supporting Files */ = {
			isa = PBXGroup;
			children = (
				8AA13C6119BE1882006DC5D0 /* Info.plist */,
			);
			name = "Supporting Files";
			sourceTree = "<group>";
		};
/* End PBXGroup section */

/* Begin PBXNativeTarget section */
		8AA13C4219BE1881006DC5D0 /* Rene Candelier */ = {
			isa = PBXNativeTarget;
			buildConfigurationList = 8AA13C6619BE1882006DC5D0 /* Build configuration list for PBXNativeTarget "Rene Candelier" */;
			buildPhases = (
				8AA13C3F19BE1881006DC5D0 /* Sources */,
				8AA13C4019BE1881006DC5D0 /* Frameworks */,
				8AA13C4119BE1881006DC5D0 /* Resources */,
			);
			buildRules = (
			);
			dependencies = (
			);
			name = "Rene Candelier";
			productName = "Rene Candelier";
			productReference = 8AA13C4319BE1881006DC5D0 /* Rene Candelier.app */;
			productType = "com.apple.product-type.application";
		};
		8AA13C5B19BE1882006DC5D0 /* Rene CandelierTests */ = {
			isa = PBXNativeTarget;
			buildConfigurationList = 8AA13C6919BE1882006DC5D0 /* Build configuration list for PBXNativeTarget "Rene CandelierTests" */;
			buildPhases = (
				8AA13C5819BE1882006DC5D0 /* Sources */,
				8AA13C5919BE1882006DC5D0 /* Frameworks */,
				8AA13C5A19BE1882006DC5D0 /* Resources */,
			);
			buildRules = (
			);
			dependencies = (
				8AA13C5E19BE1882006DC5D0 /* PBXTargetDependency */,
			);
			name = "Rene CandelierTests";
			productName = "Rene CandelierTests";
			productReference = 8AA13C5C19BE1882006DC5D0 /* Rene CandelierTests.xctest */;
			productType = "com.apple.product-type.bundle.unit-test";
		};
/* End PBXNativeTarget section */

/* Begin PBXProject section */
		8AA13C3B19BE1880006DC5D0 /* Project object */ = {
			isa = PBXProject;
			attributes = {
				LastUpgradeCheck = 0600;
				ORGANIZATIONNAME = "Novus Mobile";
				TargetAttributes = {
					8AA13C4219BE1881006DC5D0 = {
						CreatedOnToolsVersion = 6.0;
					};
					8AA13C5B19BE1882006DC5D0 = {
						CreatedOnToolsVersion = 6.0;
						TestTargetID = 8AA13C4219BE1881006DC5D0;
					};
				};
			};
			buildConfigurationList = 8AA13C3E19BE1880006DC5D0 /* Build configuration list for PBXProject "Rene Candelier" */;
			compatibilityVersion = "Xcode 3.2";
			developmentRegion = English;
			hasScannedForEncodings = 0;
			knownRegions = (
				en,
				Base,
			);
			mainGroup = 8AA13C3A19BE1880006DC5D0;
			productRefGroup = 8AA13C4419BE1881006DC5D0 /* Products */;
			projectDirPath = "";
			projectRoot = "";
			targets = (
				8AA13C4219BE1881006DC5D0 /* Rene Candelier */,
				8AA13C5B19BE1882006DC5D0 /* Rene CandelierTests */,
			);
		};
/* End PBXProject section */

/* Begin PBXResourcesBuildPhase section */
		8AA13C4119BE1881006DC5D0 /* Resources */ = {
			isa = PBXResourcesBuildPhase;
			buildActionMask = 2147483647;
			files = (
				8AA13C7119BE1F43006DC5D0 /* IM.png in Resources */,
				8AA13C5519BE1881006DC5D0 /* Main.storyboard in Resources */,
				8AA13C6F19BE1D73006DC5D0 /* Rene.png in Resources */,
				8AA13C5719BE1882006DC5D0 /* Images.xcassets in Resources */,
				8AA13C6D19BE1D3C006DC5D0 /* Rene Candelier.png in Resources */,
			);
			runOnlyForDeploymentPostprocessing = 0;
		};
		8AA13C5A19BE1882006DC5D0 /* Resources */ = {
			isa = PBXResourcesBuildPhase;
			buildActionMask = 2147483647;
			files = (
			);
			runOnlyForDeploymentPostprocessing = 0;
		};
/* End PBXResourcesBuildPhase section */

/* Begin PBXSourcesBuildPhase section */
		8AA13C3F19BE1881006DC5D0 /* Sources */ = {
			isa = PBXSourcesBuildPhase;
			buildActionMask = 2147483647;
			files = (
				8AA13C4F19BE1881006DC5D0 /* Rene_Candelier.xcdatamodeld in Sources */,
				8AA13C4C19BE1881006DC5D0 /* AppDelegate.m in Sources */,
				8AA13C5219BE1881006DC5D0 /* ViewController.m in Sources */,
				8AA13C4919BE1881006DC5D0 /* main.m in Sources */,
			);
			runOnlyForDeploymentPostprocessing = 0;
		};
		8AA13C5819BE1882006DC5D0 /* Sources */ = {
			isa = PBXSourcesBuildPhase;
			buildActionMask = 2147483647;
			files = (
				8AA13C6319BE1882006DC5D0 /* Rene_CandelierTests.m in Sources */,
			);
			runOnlyForDeploymentPostprocessing = 0;
		};
/* End PBXSourcesBuildPhase section */

/* Begin PBXTargetDependency section */
		8AA13C5E19BE1882006DC5D0 /* PBXTargetDependency */ = {
			isa = PBXTargetDependency;
			target = 8AA13C4219BE1881006DC5D0 /* Rene Candelier */;
			targetProxy = 8AA13C5D19BE1882006DC5D0 /* PBXContainerItemProxy */;
		};
/* End PBXTargetDependency section */

/* Begin PBXVariantGroup section */
		8AA13C5319BE1881006DC5D0 /* Main.storyboard */ = {
			isa = PBXVariantGroup;
			children = (
				8AA13C5419BE1881006DC5D0 /* Base */,
			);
			name = Main.storyboard;
			sourceTree = "<group>";
		};
/* End PBXVariantGroup section */

/* Begin XCBuildConfiguration section */
		8AA13C6419BE1882006DC5D0 /* Debug */ = {
			isa = XCBuildConfiguration;
			buildSettings = {
				ALWAYS_SEARCH_USER_PATHS = NO;
				CLANG_CXX_LANGUAGE_STANDARD = "gnu++0x";
				CLANG_CXX_LIBRARY = "libc++";
				CLANG_ENABLE_MODULES = YES;
				CLANG_ENABLE_OBJC_ARC = YES;
				CLANG_WARN_BOOL_CONVERSION = YES;
				CLANG_WARN_CONSTANT_CONVERSION = YES;
				CLANG_WARN_DIRECT_OBJC_ISA_USAGE = YES_ERROR;
				CLANG_WARN_EMPTY_BODY = YES;
				CLANG_WARN_ENUM_CONVERSION = YES;
				CLANG_WARN_INT_CONVERSION = YES;
				CLANG_WARN_OBJC_ROOT_CLASS = YES_ERROR;
				CLANG_WARN_UNREACHABLE_CODE = YES;
				CLANG_WARN__DUPLICATE_METHOD_MATCH = YES;
				"CODE_SIGN_IDENTITY[sdk=iphoneos*]" = "iPhone Developer";
				COPY_PHASE_STRIP = NO;
				ENABLE_STRICT_OBJC_MSGSEND = YES;
				GCC_C_LANGUAGE_STANDARD = gnu99;
				GCC_DYNAMIC_NO_PIC = NO;
				GCC_OPTIMIZATION_LEVEL = 0;
				GCC_PREPROCESSOR_DEFINITIONS = (
					"DEBUG=1",
					"$(inherited)",
				);
				GCC_SYMBOLS_PRIVATE_EXTERN = NO;
				GCC_WARN_64_TO_32_BIT_CONVERSION = YES;
				GCC_WARN_ABOUT_RETURN_TYPE = YES_ERROR;
				GCC_WARN_UNDECLARED_SELECTOR = YES;
				GCC_WARN_UNINITIALIZED_AUTOS = YES_AGGRESSIVE;
				GCC_WARN_UNUSED_FUNCTION = YES;
				GCC_WARN_UNUSED_VARIABLE = YES;
				IPHONEOS_DEPLOYMENT_TARGET = 8.0;
				MTL_ENABLE_DEBUG_INFO = YES;
				ONLY_ACTIVE_ARCH = YES;
				SDKROOT = iphoneos;
			};
			name = Debug;
		};
		8AA13C6519BE1882006DC5D0 /* Release */ = {
			isa = XCBuildConfiguration;
			buildSettings = {
				ALWAYS_SEARCH_USER_PATHS = NO;
				CLANG_CXX_LANGUAGE_STANDARD = "gnu++0x";
				CLANG_CXX_LIBRARY = "libc++";
				CLANG_ENABLE_MODULES = YES;
				CLANG_ENABLE_OBJC_ARC = YES;
				CLANG_WARN_BOOL_CONVERSION = YES;
				CLANG_WARN_CONSTANT_CONVERSION = YES;
				CLANG_WARN_DIRECT_OBJC_ISA_USAGE = YES_ERROR;
				CLANG_WARN_EMPTY_BODY = YES;
				CLANG_WARN_ENUM_CONVERSION = YES;
				CLANG_WARN_INT_CONVERSION = YES;
				CLANG_WARN_OBJC_ROOT_CLASS = YES_ERROR;
				CLANG_WARN_UNREACHABLE_CODE = YES;
				CLANG_WARN__DUPLICATE_METHOD_MATCH = YES;
				"CODE_SIGN_IDENTITY[sdk=iphoneos*]" = "iPhone Developer";
				COPY_PHASE_STRIP = YES;
				ENABLE_NS_ASSERTIONS = NO;
				ENABLE_STRICT_OBJC_MSGSEND = YES;
				GCC_C_LANGUAGE_STANDARD = gnu99;
				GCC_WARN_64_TO_32_BIT_CONVERSION = YES;
				GCC_WARN_ABOUT_RETURN_TYPE = YES_ERROR;
				GCC_WARN_UNDECLARED_SELECTOR = YES;
				GCC_WARN_UNINITIALIZED_AUTOS = YES_AGGRESSIVE;
				GCC_WARN_UNUSED_FUNCTION = YES;
				GCC_WARN_UNUSED_VARIABLE = YES;
				IPHONEOS_DEPLOYMENT_TARGET = 8.0;
				MTL_ENABLE_DEBUG_INFO = NO;
				SDKROOT = iphoneos;
				VALIDATE_PRODUCT = YES;
			};
			name = Release;
		};
		8AA13C6719BE1882006DC5D0 /* Debug */ = {
			isa = XCBuildConfiguration;
			buildSettings = {
				ASSETCATALOG_COMPILER_APPICON_NAME = AppIcon;
				ASSETCATALOG_COMPILER_LAUNCHIMAGE_NAME = LaunchImage;
				INFOPLIST_FILE = "Rene Candelier/Info.plist";
				LD_RUNPATH_SEARCH_PATHS = "$(inherited) @executable_path/Frameworks";
				PRODUCT_NAME = "$(TARGET_NAME)";
			};
			name = Debug;
		};
		8AA13C6819BE1882006DC5D0 /* Release */ = {
			isa = XCBuildConfiguration;
			buildSettings = {
				ASSETCATALOG_COMPILER_APPICON_NAME = AppIcon;
				ASSETCATALOG_COMPILER_LAUNCHIMAGE_NAME = LaunchImage;
				INFOPLIST_FILE = "Rene Candelier/Info.plist";
				LD_RUNPATH_SEARCH_PATHS = "$(inherited) @executable_path/Frameworks";
				PRODUCT_NAME = "$(TARGET_NAME)";
			};
			name = Release;
		};
		8AA13C6A19BE1882006DC5D0 /* Debug */ = {
			isa = XCBuildConfiguration;
			buildSettings = {
				BUNDLE_LOADER = "$(TEST_HOST)";
				FRAMEWORK_SEARCH_PATHS = (
					"$(SDKROOT)/Developer/Library/Frameworks",
					"$(inherited)",
				);
				GCC_PREPROCESSOR_DEFINITIONS = (
					"DEBUG=1",
					"$(inherited)",
				);
				INFOPLIST_FILE = "Rene CandelierTests/Info.plist";
				LD_RUNPATH_SEARCH_PATHS = "$(inherited) @executable_path/Frameworks @loader_path/Frameworks";
				PRODUCT_NAME = "$(TARGET_NAME)";
				TEST_HOST = "$(BUILT_PRODUCTS_DIR)/Rene Candelier.app/Rene Candelier";
			};
			name = Debug;
		};
		8AA13C6B19BE1882006DC5D0 /* Release */ = {
			isa = XCBuildConfiguration;
			buildSettings = {
				BUNDLE_LOADER = "$(TEST_HOST)";
				FRAMEWORK_SEARCH_PATHS = (
					"$(SDKROOT)/Developer/Library/Frameworks",
					"$(inherited)",
				);
				INFOPLIST_FILE = "Rene CandelierTests/Info.plist";
				LD_RUNPATH_SEARCH_PATHS = "$(inherited) @executable_path/Frameworks @loader_path/Frameworks";
				PRODUCT_NAME = "$(TARGET_NAME)";
				TEST_HOST = "$(BUILT_PRODUCTS_DIR)/Rene Candelier.app/Rene Candelier";
			};
			name = Release;
		};
/* End XCBuildConfiguration section */

/* Begin XCConfigurationList section */
		8AA13C3E19BE1880006DC5D0 /* Build configuration list for PBXProject "Rene Candelier" */ = {
			isa = XCConfigurationList;
			buildConfigurations = (
				8AA13C6419BE1882006DC5D0 /* Debug */,
				8AA13C6519BE1882006DC5D0 /* Release */,
			);
			defaultConfigurationIsVisible = 0;
			defaultConfigurationName = Release;
		};
		8AA13C6619BE1882006DC5D0 /* Build configuration list for PBXNativeTarget "Rene Candelier" */ = {
			isa = XCConfigurationList;
			buildConfigurations = (
				8AA13C6719BE1882006DC5D0 /* Debug */,
				8AA13C6819BE1882006DC5D0 /* Release */,
			);
			defaultConfigurationIsVisible = 0;
		};
		8AA13C6919BE1882006DC5D0 /* Build configuration list for PBXNativeTarget "Rene CandelierTests" */ = {
			isa = XCConfigurationList;
			buildConfigurations = (
				8AA13C6A19BE1882006DC5D0 /* Debug */,
				8AA13C6B19BE1882006DC5D0 /* Release */,
			);
			defaultConfigurationIsVisible = 0;
		};
/* End XCConfigurationList section */

/* Begin XCVersionGroup section */
		8AA13C4D19BE1881006DC5D0 /* Rene_Candelier.xcdatamodeld */ = {
			isa = XCVersionGroup;
			children = (
				8AA13C4E19BE1881006DC5D0 /* Rene_Candelier.xcdatamodel */,
			);
			currentVersion = 8AA13C4E19BE1881006DC5D0 /* Rene_Candelier.xcdatamodel */;
			path = Rene_Candelier.xcdatamodeld;
			sourceTree = "<group>";
			versionGroupType = wrapper.xcdatamodel;
		};
/* End XCVersionGroup section */
	};
	rootObject = 8AA13C3B19BE1880006DC5D0 /* Project object */;
}
